
Microsoft Visual Studio Solution File, Format Version 12.00
# Visual Studio Version 16
VisualStudioVersion = 16.0.31605.320
MinimumVisualStudioVersion = 10.0.40219.1
Project("{9A19103F-16F7-4668-BE54-9A1E7A4F7556}") = "RestAPI", "RestAPI\RestAPI.csproj", "{25EE2B66-4267-488E-82A6-A8B897AED438}"
EndProject
Project("{9A19103F-16F7-4668-BE54-9A1E7A4F7556}") = "Domain", "Domain\Domain.csproj", "{2578EC90-DA3B-4A66-B2B0-20DDC132B4C5}"
EndProject
Project("{9A19103F-16F7-4668-BE54-9A1E7A4F7556}") = "Contracts", "Contracts\Contracts.csproj", "{31A325A3-2C31-4C92-9F24-F3A5945D6526}"
EndProject
Project("{FAE04EC0-301F-11D3-BF4B-00C04F79EFBC}") = "Persistence", "Persistence\Persistence.csproj", "{A480D97A-5978-4827-B308-BFD1FE608C48}"
EndProject
Global
	GlobalSection(SolutionConfigurationPlatforms) = preSolution
		Debug|Any CPU = Debug|Any CPU
		Release|Any CPU = Release|Any CPU
	EndGlobalSection
	GlobalSection(ProjectConfigurationPlatforms) = postSolution
		{25EE2B66-4267-488E-82A6-A8B897AED438}.Debug|Any CPU.ActiveCfg = Debug|Any CPU
		{25EE2B66-4267-488E-82A6-A8B897AED438}.Debug|Any CPU.Build.0 = Debug|Any CPU
		{25EE2B66-4267-488E-82A6-A8B897AED438}.Release|Any CPU.ActiveCfg = Release|Any CPU
		{25EE2B66-4267-488E-82A6-A8B897AED438}.Release|Any CPU.Build.0 = Release|Any CPU
		{2578EC90-DA3B-4A66-B2B0-20DDC132B4C5}.Debug|Any CPU.ActiveCfg = Debug|Any CPU
		{2578EC90-DA3B-4A66-B2B0-20DDC132B4C5}.Debug|Any CPU.Build.0 = Debug|Any CPU
		{2578EC90-DA3B-4A66-B2B0-20DDC132B4C5}.Release|Any CPU.ActiveCfg = Release|Any CPU
		{2578EC90-DA3B-4A66-B2B0-20DDC132B4C5}.Release|Any CPU.Build.0 = Release|Any CPU
		{31A325A3-2C31-4C92-9F24-F3A5945D6526}.Debug|Any CPU.ActiveCfg = Debug|Any CPU
		{31A325A3-2C31-4C92-9F24-F3A5945D6526}.Debug|Any CPU.Build.0 = Debug|Any CPU
		{31A325A3-2C31-4C92-9F24-F3A5945D6526}.Release|Any CPU.ActiveCfg = Release|Any CPU
		{31A325A3-2C31-4C92-9F24-F3A5945D6526}.Release|Any CPU.Build.0 = Release|Any CPU
		{A480D97A-5978-4827-B308-BFD1FE608C48}.Debug|Any CPU.ActiveCfg = Debug|Any CPU
		{A480D97A-5978-4827-B308-BFD1FE608C48}.Debug|Any CPU.Build.0 = Debug|Any CPU
		{A480D97A-5978-4827-B308-BFD1FE608C48}.Release|Any CPU.ActiveCfg = Release|Any CPU
		{A480D97A-5978-4827-B308-BFD1FE608C48}.Release|Any CPU.Build.0 = Release|Any CPU
	EndGlobalSection
	GlobalSection(SolutionProperties) = preSolution
		HideSolutionNode = FALSE
	EndGlobalSection
	GlobalSection(ExtensibilityGlobals) = postSolution
		SolutionGuid = {74FDD1BE-D288-4C52-9CCD-D79FE8A4E468}
	EndGlobalSection
EndGlobal
